// !$*UTF8*$!
{
	archiveVersion = 1;
	classes = {
	};
	objectVersion = 48;
	objects = {

/* Begin PBXBuildFile section */
		F775A6C61FD0D276004CABED /* AppDelegate.m in Sources */ = {isa = PBXBuildFile; fileRef = F775A6C51FD0D276004CABED /* AppDelegate.m */; };
		F775A6C91FD0D276004CABED /* ViewController.m in Sources */ = {isa = PBXBuildFile; fileRef = F775A6C81FD0D276004CABED /* ViewController.m */; };
		F775A6CC1FD0D276004CABED /* Main.storyboard in Resources */ = {isa = PBXBuildFile; fileRef = F775A6CA1FD0D276004CABED /* Main.storyboard */; };
		F775A6CE1FD0D276004CABED /* Assets.xcassets in Resources */ = {isa = PBXBuildFile; fileRef = F775A6CD1FD0D276004CABED /* Assets.xcassets */; };
		F775A6D11FD0D276004CABED /* LaunchScreen.storyboard in Resources */ = {isa = PBXBuildFile; fileRef = F775A6CF1FD0D276004CABED /* LaunchScreen.storyboard */; };
		F775A6D41FD0D276004CABED /* main.m in Sources */ = {isa = PBXBuildFile; fileRef = F775A6D31FD0D276004CABED /* main.m */; };
/* End PBXBuildFile section */

/* Begin PBXFileReference section */
		F775A6C11FD0D276004CABED /* SplitDraggerTest.app */ = {isa = PBXFileReference; explicitFileType = wrapper.application; includeInIndex = 0; path = SplitDraggerTest.app; sourceTree = BUILT_PRODUCTS_DIR; };
		F775A6C41FD0D276004CABED /* AppDelegate.h */ = {isa = PBXFileReference; lastKnownFileType = sourcecode.c.h; path = AppDelegate.h; sourceTree = "<group>"; };
		F775A6C51FD0D276004CABED /* AppDelegate.m */ = {isa = PBXFileReference; lastKnownFileType = sourcecode.c.objc; path = AppDelegate.m; sourceTree = "<group>"; };
		F775A6C71FD0D276004CABED /* ViewController.h */ = {isa = PBXFileReference; lastKnownFileType = sourcecode.c.h; path = ViewController.h; sourceTree = "<group>"; };
		F775A6C81FD0D276004CABED /* ViewController.m */ = {isa = PBXFileReference; lastKnownFileType = sourcecode.c.objc; path = ViewController.m; sourceTree = "<group>"; };
		F775A6CB1FD0D276004CABED /* Base */ = {isa = PBXFileReference; lastKnownFileType = file.storyboard; name = Base; path = Base.lproj/Main.storyboard; sourceTree = "<group>"; };
		F775A6CD1FD0D276004CABED /* Assets.xcassets */ = {isa = PBXFileReference; lastKnownFileType = folder.assetcatalog; path = Assets.xcassets; sourceTree = "<group>"; };
		F775A6D01FD0D276004CABED /* Base */ = {isa = PBXFileReference; lastKnownFileType = file.storyboard; name = Base; path = Base.lproj/LaunchScreen.storyboard; sourceTree = "<group>"; };
		F775A6D21FD0D276004CABED /* Info.plist */ = {isa = PBXFileReference; lastKnownFileType = text.plist.xml; path = Info.plist; sourceTree = "<group>"; };
		F775A6D31FD0D276004CABED /* main.m */ = {isa = PBXFileReference; lastKnownFileType = sourcecode.c.objc; path = main.m; sourceTree = "<group>"; };
/* End PBXFileReference section */

/* Begin PBXFrameworksBuildPhase section */
		F775A6BE1FD0D276004CABED /* Frameworks */ = {
			isa = PBXFrameworksBuildPhase;
			buildActionMask = 2147483647;
			files = (
			);
			runOnlyForDeploymentPostprocessing = 0;
		};
/* End PBXFrameworksBuildPhase section */

/* Begin PBXGroup section */
		F775A6B81FD0D276004CABED = {
			isa = PBXGroup;
			children = (
				F775A6C31FD0D276004CABED /* SplitDraggerTest */,
				F775A6C21FD0D276004CABED /* Products */,
			);
			sourceTree = "<group>";
		};
		F775A6C21FD0D276004CABED /* Products */ = {
			isa = PBXGroup;
			children = (
				F775A6C11FD0D276004CABED /* SplitDraggerTest.app */,
			);
			name = Products;
			sourceTree = "<group>";
		};
		F775A6C31FD0D276004CABED /* SplitDraggerTest */ = {
			isa = PBXGroup;
			children = (
				F775A6C41FD0D276004CABED /* AppDelegate.h */,
				F775A6C51FD0D276004CABED /* AppDelegate.m */,
				F775A6C71FD0D276004CABED /* ViewController.h */,
				F775A6C81FD0D276004CABED /* ViewController.m */,
				F775A6CA1FD0D276004CABED /* Main.storyboard */,
				F775A6CD1FD0D276004CABED /* Assets.xcassets */,
				F775A6CF1FD0D276004CABED /* LaunchScreen.storyboard */,
				F775A6D21FD0D276004CABED /* Info.plist */,
				F775A6D31FD0D276004CABED /* main.m */,
			);
			path = SplitDraggerTest;
			sourceTree = "<group>";
		};
/* End PBXGroup section */

/* Begin PBXNativeTarget section */
		F775A6C01FD0D276004CABED /* SplitDraggerTest */ = {
			isa = PBXNativeTarget;
			buildConfigurationList = F775A6D71FD0D276004CABED /* Build configuration list for PBXNativeTarget "SplitDraggerTest" */;
			buildPhases = (
				F775A6BD1FD0D276004CABED /* Sources */,
				F775A6BE1FD0D276004CABED /* Frameworks */,
				F775A6BF1FD0D276004CABED /* Resources */,
			);
			buildRules = (
			);
			dependencies = (
			);
			name = SplitDraggerTest;
			productName = SplitDraggerTest;
			productReference = F775A6C11FD0D276004CABED /* SplitDraggerTest.app */;
			productType = "com.apple.product-type.application";
		};
/* End PBXNativeTarget section */

/* Begin PBXProject section */
		F775A6B91FD0D276004CABED /* Project object */ = {
			isa = PBXProject;
			attributes = {
				LastUpgradeCheck = 0910;
				ORGANIZATIONNAME = "Olive Tree Bible Software";
				TargetAttributes = {
					F775A6C01FD0D276004CABED = {
						CreatedOnToolsVersion = 9.1;
						ProvisioningStyle = Automatic;
					};
				};
			};
			buildConfigurationList = F775A6BC1FD0D276004CABED /* Build configuration list for PBXProject "SplitDraggerTest" */;
			compatibilityVersion = "Xcode 8.0";
			developmentRegion = en;
			hasScannedForEncodings = 0;
			knownRegions = (
				en,
				Base,
			);
			mainGroup = F775A6B81FD0D276004CABED;
			productRefGroup = F775A6C21FD0D276004CABED /* Products */;
			projectDirPath = "";
			projectRoot = "";
			targets = (
				F775A6C01FD0D276004CABED /* SplitDraggerTest */,
			);
		};
/* End PBXProject section */

/* Begin PBXResourcesBuildPhase section */
		F775A6BF1FD0D276004CABED /* Resources */ = {
			isa = PBXResourcesBuildPhase;
			buildActionMask = 2147483647;
			files = (
				F775A6D11FD0D276004CABED /* LaunchScreen.storyboard in Resources */,
				F775A6CE1FD0D276004CABED /* Assets.xcassets in Resources */,
				F775A6CC1FD0D276004CABED /* Main.storyboard in Resources */,
			);
			runOnlyForDeploymentPostprocessing = 0;
		};
/* End PBXResourcesBuildPhase section */

/* Begin PBXSourcesBuildPhase section */
		F775A6BD1FD0D276004CABED /* Sources */ = {
			isa = PBXSourcesBuildPhase;
			buildActionMask = 2147483647;
			files = (
				F775A6C91FD0D276004CABED /* ViewController.m in Sources */,
				F775A6D41FD0D276004CABED /* main.m in Sources */,
				F775A6C61FD0D276004CABED /* AppDelegate.m in Sources */,
			);
			runOnlyForDeploymentPostprocessing = 0;
		};
/* End PBXSourcesBuildPhase section */

/* Begin PBXVariantGroup section */
		F775A6CA1FD0D276004CABED /* Main.storyboard */ = {
			isa = PBXVariantGroup;
			children = (
				F775A6CB1FD0D276004CABED /* Base */,
			);
			name = Main.storyboard;
			sourceTree = "<group>";
		};
		F775A6CF1FD0D276004CABED /* LaunchScreen.storyboard */ = {
			isa = PBXVariantGroup;
			children = (
				F775A6D01FD0D276004CABED /* Base */,
			);
			name = LaunchScreen.storyboard;
			sourceTree = "<group>";
		};
/* End PBXVariantGroup section */

/* Begin XCBuildConfiguration section */
		F775A6D51FD0D276004CABED /* Debug */ = {
			isa = XCBuildConfiguration;
			buildSettings = {
				ALWAYS_SEARCH_USER_PATHS = NO;
				CLANG_ANALYZER_NONNULL = YES;
				CLANG_ANALYZER_NUMBER_OBJECT_CONVERSION = YES_AGGRESSIVE;
				CLANG_CXX_LANGUAGE_STANDARD = "gnu++14";
				CLANG_CXX_LIBRARY = "libc++";
				CLANG_ENABLE_MODULES = YES;
				CLANG_ENABLE_OBJC_ARC = YES;
				CLANG_WARN_BLOCK_CAPTURE_AUTORELEASING = YES;
				CLANG_WARN_BOOL_CONVERSION = YES;
				CLANG_WARN_COMMA = YES;
				CLANG_WARN_CONSTANT_CONVERSION = YES;
				CLANG_WARN_DIRECT_OBJC_ISA_USAGE = YES_ERROR;
				CLANG_WARN_DOCUMENTATION_COMMENTS = YES;
				CLANG_WARN_EMPTY_BODY = YES;
				CLANG_WARN_ENUM_CONVERSION = YES;
				CLANG_WARN_INFINITE_RECURSION = YES;
				CLANG_WARN_INT_CONVERSION = YES;
				CLANG_WARN_NON_LITERAL_NULL_CONVERSION = YES;
				CLANG_WARN_OBJC_LITERAL_CONVERSION = YES;
				CLANG_WARN_OBJC_ROOT_CLASS = YES_ERROR;
				CLANG_WARN_RANGE_LOOP_ANALYSIS = YES;
				CLANG_WARN_STRICT_PROTOTYPES = YES;
				CLANG_WARN_SUSPICIOUS_MOVE = YES;
				CLANG_WARN_UNGUARDED_AVAILABILITY = YES_AGGRESSIVE;
				CLANG_WARN_UNREACHABLE_CODE = YES;
				CLANG_WARN__DUPLICATE_METHOD_MATCH = YES;
				CODE_SIGN_IDENTITY = "iPhone Developer";
				COPY_PHASE_STRIP = NO;
				DEBUG_INFORMATION_FORMAT = dwarf;
				ENABLE_STRICT_OBJC_MSGSEND = YES;
				ENABLE_TESTABILITY = YES;
				GCC_C_LANGUAGE_STANDARD = gnu11;
				GCC_DYNAMIC_NO_PIC = NO;
				GCC_NO_COMMON_BLOCKS = YES;
				GCC_OPTIMIZATION_LEVEL = 0;
				GCC_PREPROCESSOR_DEFINITIONS = (
					"DEBUG=1",
					"$(inherited)",
				);
				GCC_WARN_64_TO_32_BIT_CONVERSION = YES;
				GCC_WARN_ABOUT_RETURN_TYPE = YES_ERROR;
				GCC_WARN_UNDECLARED_SELECTOR = YES;
				GCC_WARN_UNINITIALIZED_AUTOS = YES_AGGRESSIVE;
				GCC_WARN_UNUSED_FUNCTION = YES;
				GCC_WARN_UNUSED_VARIABLE = YES;
				IPHONEOS_DEPLOYMENT_TARGET = 11.1;
				MTL_ENABLE_DEBUG_INFO = YES;
				ONLY_ACTIVE_ARCH = YES;
				SDKROOT = iphoneos;
			};
			name = Debug;
		};
		F775A6D61FD0D276004CABED /* Release */ = {
			isa = XCBuildConfiguration;
			buildSettings = {
				ALWAYS_SEARCH_USER_PATHS = NO;
				CLANG_ANALYZER_NONNULL = YES;
				CLANG_ANALYZER_NUMBER_OBJECT_CONVERSION = YES_AGGRESSIVE;
				CLANG_CXX_LANGUAGE_STANDARD = "gnu++14";
				CLANG_CXX_LIBRARY = "libc++";
				CLANG_ENABLE_MODULES = YES;
				CLANG_ENABLE_OBJC_ARC = YES;
				CLANG_WARN_BLOCK_CAPTURE_AUTORELEASING = YES;
				CLANG_WARN_BOOL_CONVERSION = YES;
				CLANG_WARN_COMMA = YES;
				CLANG_WARN_CONSTANT_CONVERSION = YES;
				CLANG_WARN_DIRECT_OBJC_ISA_USAGE = YES_ERROR;
				CLANG_WARN_DOCUMENTATION_COMMENTS = YES;
				CLANG_WARN_EMPTY_BODY = YES;
				CLANG_WARN_ENUM_CONVERSION = YES;
				CLANG_WARN_INFINITE_RECURSION = YES;
				CLANG_WARN_INT_CONVERSION = YES;
				CLANG_WARN_NON_LITERAL_NULL_CONVERSION = YES;
				CLANG_WARN_OBJC_LITERAL_CONVERSION = YES;
				CLANG_WARN_OBJC_ROOT_CLASS = YES_ERROR;
				CLANG_WARN_RANGE_LOOP_ANALYSIS = YES;
				CLANG_WARN_STRICT_PROTOTYPES = YES;
				CLANG_WARN_SUSPICIOUS_MOVE = YES;
				CLANG_WARN_UNGUARDED_AVAILABILITY = YES_AGGRESSIVE;
				CLANG_WARN_UNREACHABLE_CODE = YES;
				CLANG_WARN__DUPLICATE_METHOD_MATCH = YES;
				CODE_SIGN_IDENTITY = "iPhone Developer";
				COPY_PHASE_STRIP = NO;
				DEBUG_INFORMATION_FORMAT = "dwarf-with-dsym";
				ENABLE_NS_ASSERTIONS = NO;
				ENABLE_STRICT_OBJC_MSGSEND = YES;
				GCC_C_LANGUAGE_STANDARD = gnu11;
				GCC_NO_COMMON_BLOCKS = YES;
				GCC_WARN_64_TO_32_BIT_CONVERSION = YES;
				GCC_WARN_ABOUT_RETURN_TYPE = YES_ERROR;
				GCC_WARN_UNDECLARED_SELECTOR = YES;
				GCC_WARN_UNINITIALIZED_AUTOS = YES_AGGRESSIVE;
				GCC_WARN_UNUSED_FUNCTION = YES;
				GCC_WARN_UNUSED_VARIABLE = YES;
				IPHONEOS_DEPLOYMENT_TARGET = 11.1;
				MTL_ENABLE_DEBUG_INFO = NO;
				SDKROOT = iphoneos;
				VALIDATE_PRODUCT = YES;
			};
			name = Release;
		};
		F775A6D81FD0D276004CABED /* Debug */ = {
			isa = XCBuildConfiguration;
			buildSettings = {
				ASSETCATALOG_COMPILER_APPICON_NAME = AppIcon;
				CODE_SIGN_STYLE = Automatic;
				DEVELOPMENT_TEAM = RL334C8R6H;
				INFOPLIST_FILE = SplitDraggerTest/Info.plist;
				LD_RUNPATH_SEARCH_PATHS = "$(inherited) @executable_path/Frameworks";
				PRODUCT_BUNDLE_IDENTIFIER = com.olivetree.SplitDraggerTest;
				PRODUCT_NAME = "$(TARGET_NAME)";
				TARGETED_DEVICE_FAMILY = "1,2";
			};
			name = Debug;
		};
		F775A6D91FD0D276004CABED /* Release */ = {
			isa = XCBuildConfiguration;
			buildSettings = {
				ASSETCATALOG_COMPILER_APPICON_NAME = AppIcon;
				CODE_SIGN_STYLE = Automatic;
				DEVELOPMENT_TEAM = RL334C8R6H;
				INFOPLIST_FILE = SplitDraggerTest/Info.plist;
				LD_RUNPATH_SEARCH_PATHS = "$(inherited) @executable_path/Frameworks";
				PRODUCT_BUNDLE_IDENTIFIER = com.olivetree.SplitDraggerTest;
				PRODUCT_NAME = "$(TARGET_NAME)";
				TARGETED_DEVICE_FAMILY = "1,2";
			};
			name = Release;
		};
/* End XCBuildConfiguration section */

/* Begin XCConfigurationList section */
		F775A6BC1FD0D276004CABED /* Build configuration list for PBXProject "SplitDraggerTest" */ = {
			isa = XCConfigurationList;
			buildConfigurations = (
				F775A6D51FD0D276004CABED /* Debug */,
				F775A6D61FD0D276004CABED /* Release */,
			);
			defaultConfigurationIsVisible = 0;
			defaultConfigurationName = Release;
		};
		F775A6D71FD0D276004CABED /* Build configuration list for PBXNativeTarget "SplitDraggerTest" */ = {
			isa = XCConfigurationList;
			buildConfigurations = (
				F775A6D81FD0D276004CABED /* Debug */,
				F775A6D91FD0D276004CABED /* Release */,
			);
			defaultConfigurationIsVisible = 0;
			defaultConfigurationName = Release;
		};
/* End XCConfigurationList section */
	};
	rootObject = F775A6B91FD0D276004CABED /* Project object */;
}
